
Microsoft Visual Studio Solution File, Format Version 12.00
# Visual Studio Version 16
VisualStudioVersion = 16.0.31702.278
MinimumVisualStudioVersion = 10.0.40219.1
Project("{9A19103F-16F7-4668-BE54-9A1E7A4F7556}") = "MuseSynthesis", "MuseSynthesis.csproj", "{9E0FE30A-8E79-4EE4-BB07-41BA85DDC521}"
EndProject
Global
	GlobalSection(SolutionConfigurationPlatforms) = preSolution
		Debug|Any CPU = Debug|Any CPU
		Release|Any CPU = Release|Any CPU
	EndGlobalSection
	GlobalSection(ProjectConfigurationPlatforms) = postSolution
		{9E0FE30A-8E79-4EE4-BB07-41BA85DDC521}.Debug|Any CPU.ActiveCfg = Debug|Any CPU
		{9E0FE30A-8E79-4EE4-BB07-41BA85DDC521}.Debug|Any CPU.Build.0 = Debug|Any CPU
		{9E0FE30A-8E79-4EE4-BB07-41BA85DDC521}.Release|Any CPU.ActiveCfg = Release|Any CPU
		{9E0FE30A-8E79-4EE4-BB07-41BA85DDC521}.Release|Any CPU.Build.0 = Release|Any CPU
	EndGlobalSection
	GlobalSection(SolutionProperties) = preSolution
		HideSolutionNode = FALSE
	EndGlobalSection
	GlobalSection(ExtensibilityGlobals) = postSolution
		SolutionGuid = {5158E90C-7FA4-4E8C-88F7-731202AC0C49}
	EndGlobalSection
EndGlobal
